
Microsoft Visual Studio Solution File, Format Version 12.00
# Visual Studio Version 17
VisualStudioVersion = 17.10.35013.160
MinimumVisualStudioVersion = 10.0.40219.1
Project("{2150E333-8FDC-42A3-9474-1A3956D46DE8}") = "Services", "Services", "{B68B6B0B-7274-4341-91AA-1F935C9A80CE}"
EndProject
Project("{2150E333-8FDC-42A3-9474-1A3956D46DE8}") = "Catalog", "Catalog", "{B520D9A6-0D0F-43B9-917A-819A4EAB18A9}"
EndProject
Project("{9A19103F-16F7-4668-BE54-9A1E7A4F7556}") = "Catalog.API", "Services\Catalog\Catalog.API\Catalog.API.csproj", "{E3146FAD-FD59-462C-8DC8-07E6B3C5F1FF}"
EndProject
Project("{2150E333-8FDC-42A3-9474-1A3956D46DE8}") = "BuildingBlocks", "BuildingBlocks", "{E9AF9D32-4BEC-4401-8313-BB91CF26A0E8}"
EndProject
Project("{9A19103F-16F7-4668-BE54-9A1E7A4F7556}") = "BuildingBlocks", "BuildingBlocks\BuildingBlocks\BuildingBlocks.csproj", "{ED6AA880-4843-4A7D-A995-C17564705D5B}"
EndProject
Project("{E53339B2-1760-4266-BCC7-CA923CBCF16C}") = "docker-compose", "docker-compose.dcproj", "{594DBF2E-DE24-470B-A727-2FD91B18A04F}"
EndProject
Project("{2150E333-8FDC-42A3-9474-1A3956D46DE8}") = "Basket", "Basket", "{EDC22A8D-80C0-43E1-9DC9-568E68125325}"
EndProject
Project("{FAE04EC0-301F-11D3-BF4B-00C04F79EFBC}") = "Basket.API", "Services\Basket\Basket.API\Basket.API.csproj", "{1188463C-7F18-428E-BB4E-C41CFD0CEBDA}"
EndProject
Global
	GlobalSection(SolutionConfigurationPlatforms) = preSolution
		Debug|Any CPU = Debug|Any CPU
		Release|Any CPU = Release|Any CPU
	EndGlobalSection
	GlobalSection(ProjectConfigurationPlatforms) = postSolution
		{E3146FAD-FD59-462C-8DC8-07E6B3C5F1FF}.Debug|Any CPU.ActiveCfg = Debug|Any CPU
		{E3146FAD-FD59-462C-8DC8-07E6B3C5F1FF}.Debug|Any CPU.Build.0 = Debug|Any CPU
		{E3146FAD-FD59-462C-8DC8-07E6B3C5F1FF}.Release|Any CPU.ActiveCfg = Release|Any CPU
		{E3146FAD-FD59-462C-8DC8-07E6B3C5F1FF}.Release|Any CPU.Build.0 = Release|Any CPU
		{ED6AA880-4843-4A7D-A995-C17564705D5B}.Debug|Any CPU.ActiveCfg = Debug|Any CPU
		{ED6AA880-4843-4A7D-A995-C17564705D5B}.Debug|Any CPU.Build.0 = Debug|Any CPU
		{ED6AA880-4843-4A7D-A995-C17564705D5B}.Release|Any CPU.ActiveCfg = Release|Any CPU
		{ED6AA880-4843-4A7D-A995-C17564705D5B}.Release|Any CPU.Build.0 = Release|Any CPU
		{594DBF2E-DE24-470B-A727-2FD91B18A04F}.Debug|Any CPU.ActiveCfg = Debug|Any CPU
		{594DBF2E-DE24-470B-A727-2FD91B18A04F}.Debug|Any CPU.Build.0 = Debug|Any CPU
		{594DBF2E-DE24-470B-A727-2FD91B18A04F}.Release|Any CPU.ActiveCfg = Release|Any CPU
		{594DBF2E-DE24-470B-A727-2FD91B18A04F}.Release|Any CPU.Build.0 = Release|Any CPU
		{1188463C-7F18-428E-BB4E-C41CFD0CEBDA}.Debug|Any CPU.ActiveCfg = Debug|Any CPU
		{1188463C-7F18-428E-BB4E-C41CFD0CEBDA}.Debug|Any CPU.Build.0 = Debug|Any CPU
		{1188463C-7F18-428E-BB4E-C41CFD0CEBDA}.Release|Any CPU.ActiveCfg = Release|Any CPU
		{1188463C-7F18-428E-BB4E-C41CFD0CEBDA}.Release|Any CPU.Build.0 = Release|Any CPU
	EndGlobalSection
	GlobalSection(SolutionProperties) = preSolution
		HideSolutionNode = FALSE
	EndGlobalSection
	GlobalSection(NestedProjects) = preSolution
		{B520D9A6-0D0F-43B9-917A-819A4EAB18A9} = {B68B6B0B-7274-4341-91AA-1F935C9A80CE}
		{E3146FAD-FD59-462C-8DC8-07E6B3C5F1FF} = {B520D9A6-0D0F-43B9-917A-819A4EAB18A9}
		{ED6AA880-4843-4A7D-A995-C17564705D5B} = {E9AF9D32-4BEC-4401-8313-BB91CF26A0E8}
		{EDC22A8D-80C0-43E1-9DC9-568E68125325} = {B68B6B0B-7274-4341-91AA-1F935C9A80CE}
		{1188463C-7F18-428E-BB4E-C41CFD0CEBDA} = {EDC22A8D-80C0-43E1-9DC9-568E68125325}
	EndGlobalSection
	GlobalSection(ExtensibilityGlobals) = postSolution
		SolutionGuid = {C0857D67-88B7-47B8-8C94-FACE20F7C4D7}
	EndGlobalSection
EndGlobal
