
Microsoft Visual Studio Solution File, Format Version 12.00
# Visual Studio Version 17
VisualStudioVersion = 17.10.35013.160
MinimumVisualStudioVersion = 10.0.40219.1
Project("{2150E333-8FDC-42A3-9474-1A3956D46DE8}") = "Services", "Services", "{B68B6B0B-7274-4341-91AA-1F935C9A80CE}"
EndProject
Project("{2150E333-8FDC-42A3-9474-1A3956D46DE8}") = "Catalog", "Catalog", "{B520D9A6-0D0F-43B9-917A-819A4EAB18A9}"
EndProject
Project("{9A19103F-16F7-4668-BE54-9A1E7A4F7556}") = "Catalog.API", "Services\Catalog\Catalog.API\Catalog.API.csproj", "{E3146FAD-FD59-462C-8DC8-07E6B3C5F1FF}"
EndProject
Project("{2150E333-8FDC-42A3-9474-1A3956D46DE8}") = "BuildingBlocks", "BuildingBlocks", "{E9AF9D32-4BEC-4401-8313-BB91CF26A0E8}"
EndProject
Project("{9A19103F-16F7-4668-BE54-9A1E7A4F7556}") = "BuildingBlocks", "BuildingBlocks\BuildingBlocks\BuildingBlocks.csproj", "{ED6AA880-4843-4A7D-A995-C17564705D5B}"
EndProject
Project("{E53339B2-1760-4266-BCC7-CA923CBCF16C}") = "docker-compose", "docker-compose.dcproj", "{594DBF2E-DE24-470B-A727-2FD91B18A04F}"
EndProject
Project("{2150E333-8FDC-42A3-9474-1A3956D46DE8}") = "Basket", "Basket", "{EDC22A8D-80C0-43E1-9DC9-568E68125325}"
EndProject
Project("{9A19103F-16F7-4668-BE54-9A1E7A4F7556}") = "Basket.API", "Services\Basket\Basket.API\Basket.API.csproj", "{1188463C-7F18-428E-BB4E-C41CFD0CEBDA}"
EndProject
Project("{9A19103F-16F7-4668-BE54-9A1E7A4F7556}") = "Discount.Grpc", "Services\Discount\Discount.Grpc\Discount.Grpc.csproj", "{30A8C8D0-BB6A-420A-ABE8-CD2A24726534}"
EndProject
Project("{2150E333-8FDC-42A3-9474-1A3956D46DE8}") = "Discount", "Discount", "{EC0B796D-A69F-4432-9B7B-F31CF9880CCF}"
EndProject
Project("{2150E333-8FDC-42A3-9474-1A3956D46DE8}") = "Ordering", "Ordering", "{737557CF-433F-43B4-A75C-EBD1EA9BBDFD}"
EndProject
Project("{9A19103F-16F7-4668-BE54-9A1E7A4F7556}") = "Ordering.API", "Services\Ordering\Ordering.API\Ordering.API.csproj", "{0113BC24-5B2E-4200-A019-A2C3CA391903}"
EndProject
Project("{9A19103F-16F7-4668-BE54-9A1E7A4F7556}") = "Ordering.Application", "Services\Ordering\Ordering.Application\Ordering.Application.csproj", "{02D05A26-41B3-46D8-9617-B3779A172AB8}"
EndProject
Project("{9A19103F-16F7-4668-BE54-9A1E7A4F7556}") = "Ordering.Domain", "Services\Ordering\Ordering.Domain\Ordering.Domain.csproj", "{AB82B8C0-1FE5-45DC-B7C7-178A30019E45}"
EndProject
Project("{9A19103F-16F7-4668-BE54-9A1E7A4F7556}") = "Ordering.Infrastructure", "Services\Ordering\Ordering.Infrastructure\Ordering.Infrastructure.csproj", "{2FC96290-6CFE-4EA3-BB10-4F735A17E0CD}"
EndProject
Project("{9A19103F-16F7-4668-BE54-9A1E7A4F7556}") = "BuildingBlocks.Messaging", "BuildingBlocks\BuildingBlocks.Messaging\BuildingBlocks.Messaging.csproj", "{801BE287-CE68-4E24-8BA8-07A397F05152}"
EndProject
Project("{2150E333-8FDC-42A3-9474-1A3956D46DE8}") = "ApiGateways", "ApiGateways", "{1B298198-22F1-404B-89A5-6FA5E9EDF9EA}"
EndProject
Project("{9A19103F-16F7-4668-BE54-9A1E7A4F7556}") = "YarpApiGateway", "ApiGateways\YarpApiGateway\YarpApiGateway.csproj", "{501B1FEA-7857-422C-90D4-C7CEF9741858}"
EndProject
Project("{2150E333-8FDC-42A3-9474-1A3956D46DE8}") = "WebApps", "WebApps", "{B3036576-994C-4B71-9AF8-6E938B7B9885}"
EndProject
Project("{9A19103F-16F7-4668-BE54-9A1E7A4F7556}") = "Shopping.Web", "WebApps\Shopping.Web\Shopping.Web.csproj", "{E21078D1-B184-4933-8E47-0F420C473A68}"
EndProject
Global
	GlobalSection(SolutionConfigurationPlatforms) = preSolution
		Debug|Any CPU = Debug|Any CPU
		Release|Any CPU = Release|Any CPU
	EndGlobalSection
	GlobalSection(ProjectConfigurationPlatforms) = postSolution
		{E3146FAD-FD59-462C-8DC8-07E6B3C5F1FF}.Debug|Any CPU.ActiveCfg = Debug|Any CPU
		{E3146FAD-FD59-462C-8DC8-07E6B3C5F1FF}.Debug|Any CPU.Build.0 = Debug|Any CPU
		{E3146FAD-FD59-462C-8DC8-07E6B3C5F1FF}.Release|Any CPU.ActiveCfg = Release|Any CPU
		{E3146FAD-FD59-462C-8DC8-07E6B3C5F1FF}.Release|Any CPU.Build.0 = Release|Any CPU
		{ED6AA880-4843-4A7D-A995-C17564705D5B}.Debug|Any CPU.ActiveCfg = Debug|Any CPU
		{ED6AA880-4843-4A7D-A995-C17564705D5B}.Debug|Any CPU.Build.0 = Debug|Any CPU
		{ED6AA880-4843-4A7D-A995-C17564705D5B}.Release|Any CPU.ActiveCfg = Release|Any CPU
		{ED6AA880-4843-4A7D-A995-C17564705D5B}.Release|Any CPU.Build.0 = Release|Any CPU
		{594DBF2E-DE24-470B-A727-2FD91B18A04F}.Debug|Any CPU.ActiveCfg = Debug|Any CPU
		{594DBF2E-DE24-470B-A727-2FD91B18A04F}.Debug|Any CPU.Build.0 = Debug|Any CPU
		{594DBF2E-DE24-470B-A727-2FD91B18A04F}.Release|Any CPU.ActiveCfg = Release|Any CPU
		{594DBF2E-DE24-470B-A727-2FD91B18A04F}.Release|Any CPU.Build.0 = Release|Any CPU
		{1188463C-7F18-428E-BB4E-C41CFD0CEBDA}.Debug|Any CPU.ActiveCfg = Debug|Any CPU
		{1188463C-7F18-428E-BB4E-C41CFD0CEBDA}.Debug|Any CPU.Build.0 = Debug|Any CPU
		{1188463C-7F18-428E-BB4E-C41CFD0CEBDA}.Release|Any CPU.ActiveCfg = Release|Any CPU
		{1188463C-7F18-428E-BB4E-C41CFD0CEBDA}.Release|Any CPU.Build.0 = Release|Any CPU
		{30A8C8D0-BB6A-420A-ABE8-CD2A24726534}.Debug|Any CPU.ActiveCfg = Debug|Any CPU
		{30A8C8D0-BB6A-420A-ABE8-CD2A24726534}.Debug|Any CPU.Build.0 = Debug|Any CPU
		{30A8C8D0-BB6A-420A-ABE8-CD2A24726534}.Release|Any CPU.ActiveCfg = Release|Any CPU
		{30A8C8D0-BB6A-420A-ABE8-CD2A24726534}.Release|Any CPU.Build.0 = Release|Any CPU
		{0113BC24-5B2E-4200-A019-A2C3CA391903}.Debug|Any CPU.ActiveCfg = Debug|Any CPU
		{0113BC24-5B2E-4200-A019-A2C3CA391903}.Debug|Any CPU.Build.0 = Debug|Any CPU
		{0113BC24-5B2E-4200-A019-A2C3CA391903}.Release|Any CPU.ActiveCfg = Release|Any CPU
		{0113BC24-5B2E-4200-A019-A2C3CA391903}.Release|Any CPU.Build.0 = Release|Any CPU
		{02D05A26-41B3-46D8-9617-B3779A172AB8}.Debug|Any CPU.ActiveCfg = Debug|Any CPU
		{02D05A26-41B3-46D8-9617-B3779A172AB8}.Debug|Any CPU.Build.0 = Debug|Any CPU
		{02D05A26-41B3-46D8-9617-B3779A172AB8}.Release|Any CPU.ActiveCfg = Release|Any CPU
		{02D05A26-41B3-46D8-9617-B3779A172AB8}.Release|Any CPU.Build.0 = Release|Any CPU
		{AB82B8C0-1FE5-45DC-B7C7-178A30019E45}.Debug|Any CPU.ActiveCfg = Debug|Any CPU
		{AB82B8C0-1FE5-45DC-B7C7-178A30019E45}.Debug|Any CPU.Build.0 = Debug|Any CPU
		{AB82B8C0-1FE5-45DC-B7C7-178A30019E45}.Release|Any CPU.ActiveCfg = Release|Any CPU
		{AB82B8C0-1FE5-45DC-B7C7-178A30019E45}.Release|Any CPU.Build.0 = Release|Any CPU
		{2FC96290-6CFE-4EA3-BB10-4F735A17E0CD}.Debug|Any CPU.ActiveCfg = Debug|Any CPU
		{2FC96290-6CFE-4EA3-BB10-4F735A17E0CD}.Debug|Any CPU.Build.0 = Debug|Any CPU
		{2FC96290-6CFE-4EA3-BB10-4F735A17E0CD}.Release|Any CPU.ActiveCfg = Release|Any CPU
		{2FC96290-6CFE-4EA3-BB10-4F735A17E0CD}.Release|Any CPU.Build.0 = Release|Any CPU
		{801BE287-CE68-4E24-8BA8-07A397F05152}.Debug|Any CPU.ActiveCfg = Debug|Any CPU
		{801BE287-CE68-4E24-8BA8-07A397F05152}.Debug|Any CPU.Build.0 = Debug|Any CPU
		{801BE287-CE68-4E24-8BA8-07A397F05152}.Release|Any CPU.ActiveCfg = Release|Any CPU
		{801BE287-CE68-4E24-8BA8-07A397F05152}.Release|Any CPU.Build.0 = Release|Any CPU
		{501B1FEA-7857-422C-90D4-C7CEF9741858}.Debug|Any CPU.ActiveCfg = Debug|Any CPU
		{501B1FEA-7857-422C-90D4-C7CEF9741858}.Debug|Any CPU.Build.0 = Debug|Any CPU
		{501B1FEA-7857-422C-90D4-C7CEF9741858}.Release|Any CPU.ActiveCfg = Release|Any CPU
		{501B1FEA-7857-422C-90D4-C7CEF9741858}.Release|Any CPU.Build.0 = Release|Any CPU
		{E21078D1-B184-4933-8E47-0F420C473A68}.Debug|Any CPU.ActiveCfg = Debug|Any CPU
		{E21078D1-B184-4933-8E47-0F420C473A68}.Debug|Any CPU.Build.0 = Debug|Any CPU
		{E21078D1-B184-4933-8E47-0F420C473A68}.Release|Any CPU.ActiveCfg = Release|Any CPU
		{E21078D1-B184-4933-8E47-0F420C473A68}.Release|Any CPU.Build.0 = Release|Any CPU
	EndGlobalSection
	GlobalSection(SolutionProperties) = preSolution
		HideSolutionNode = FALSE
	EndGlobalSection
	GlobalSection(NestedProjects) = preSolution
		{B520D9A6-0D0F-43B9-917A-819A4EAB18A9} = {B68B6B0B-7274-4341-91AA-1F935C9A80CE}
		{E3146FAD-FD59-462C-8DC8-07E6B3C5F1FF} = {B520D9A6-0D0F-43B9-917A-819A4EAB18A9}
		{ED6AA880-4843-4A7D-A995-C17564705D5B} = {E9AF9D32-4BEC-4401-8313-BB91CF26A0E8}
		{EDC22A8D-80C0-43E1-9DC9-568E68125325} = {B68B6B0B-7274-4341-91AA-1F935C9A80CE}
		{1188463C-7F18-428E-BB4E-C41CFD0CEBDA} = {EDC22A8D-80C0-43E1-9DC9-568E68125325}
		{30A8C8D0-BB6A-420A-ABE8-CD2A24726534} = {EC0B796D-A69F-4432-9B7B-F31CF9880CCF}
		{EC0B796D-A69F-4432-9B7B-F31CF9880CCF} = {B68B6B0B-7274-4341-91AA-1F935C9A80CE}
		{737557CF-433F-43B4-A75C-EBD1EA9BBDFD} = {B68B6B0B-7274-4341-91AA-1F935C9A80CE}
		{0113BC24-5B2E-4200-A019-A2C3CA391903} = {737557CF-433F-43B4-A75C-EBD1EA9BBDFD}
		{02D05A26-41B3-46D8-9617-B3779A172AB8} = {737557CF-433F-43B4-A75C-EBD1EA9BBDFD}
		{AB82B8C0-1FE5-45DC-B7C7-178A30019E45} = {737557CF-433F-43B4-A75C-EBD1EA9BBDFD}
		{2FC96290-6CFE-4EA3-BB10-4F735A17E0CD} = {737557CF-433F-43B4-A75C-EBD1EA9BBDFD}
		{801BE287-CE68-4E24-8BA8-07A397F05152} = {E9AF9D32-4BEC-4401-8313-BB91CF26A0E8}
		{501B1FEA-7857-422C-90D4-C7CEF9741858} = {1B298198-22F1-404B-89A5-6FA5E9EDF9EA}
		{E21078D1-B184-4933-8E47-0F420C473A68} = {B3036576-994C-4B71-9AF8-6E938B7B9885}
	EndGlobalSection
	GlobalSection(ExtensibilityGlobals) = postSolution
		SolutionGuid = {C0857D67-88B7-47B8-8C94-FACE20F7C4D7}
	EndGlobalSection
EndGlobal
